
Microsoft Visual Studio Solution File, Format Version 12.00
# Visual Studio Version 17
VisualStudioVersion = 17.5.33312.197
MinimumVisualStudioVersion = 10.0.40219.1
Project("{9A19103F-16F7-4668-BE54-9A1E7A4F7556}") = "System.Numerics.Rational.Nuget", "System.Numerics.Rational.Nuget.csproj", "{9B135094-F7FE-4634-B9CC-165D64174C99}"
EndProject
Global
	GlobalSection(SolutionConfigurationPlatforms) = preSolution
		Debug|Any CPU = Debug|Any CPU
		Release|Any CPU = Release|Any CPU
	EndGlobalSection
	GlobalSection(ProjectConfigurationPlatforms) = postSolution
		{9B135094-F7FE-4634-B9CC-165D64174C99}.Debug|Any CPU.ActiveCfg = Debug|Any CPU
		{9B135094-F7FE-4634-B9CC-165D64174C99}.Debug|Any CPU.Build.0 = Debug|Any CPU
		{9B135094-F7FE-4634-B9CC-165D64174C99}.Release|Any CPU.ActiveCfg = Release|Any CPU
		{9B135094-F7FE-4634-B9CC-165D64174C99}.Release|Any CPU.Build.0 = Release|Any CPU
	EndGlobalSection
	GlobalSection(SolutionProperties) = preSolution
		HideSolutionNode = FALSE
	EndGlobalSection
	GlobalSection(ExtensibilityGlobals) = postSolution
		SolutionGuid = {A948826A-3209-4C16-AECB-B9310A6CD5F3}
	EndGlobalSection
EndGlobal
